
Microsoft Visual Studio Solution File, Format Version 12.00
# Visual Studio Version 16
VisualStudioVersion = 16.0.31729.503
MinimumVisualStudioVersion = 10.0.40219.1
Project("{9A19103F-16F7-4668-BE54-9A1E7A4F7556}") = "MVC_EShop", "MVC_EShop\MVC_EShop.csproj", "{4232D05F-A5B0-44CA-9F52-202B978491D3}"
EndProject
Project("{FAE04EC0-301F-11D3-BF4B-00C04F79EFBC}") = "MVC_Laptop", "MVC_Laptop\MVC_Laptop.csproj", "{95D8B88C-2884-4BD2-91CC-6F7351BDE511}"
EndProject
Global
	GlobalSection(SolutionConfigurationPlatforms) = preSolution
		Debug|Any CPU = Debug|Any CPU
		Release|Any CPU = Release|Any CPU
	EndGlobalSection
	GlobalSection(ProjectConfigurationPlatforms) = postSolution
		{4232D05F-A5B0-44CA-9F52-202B978491D3}.Debug|Any CPU.ActiveCfg = Debug|Any CPU
		{4232D05F-A5B0-44CA-9F52-202B978491D3}.Debug|Any CPU.Build.0 = Debug|Any CPU
		{4232D05F-A5B0-44CA-9F52-202B978491D3}.Release|Any CPU.ActiveCfg = Release|Any CPU
		{4232D05F-A5B0-44CA-9F52-202B978491D3}.Release|Any CPU.Build.0 = Release|Any CPU
		{95D8B88C-2884-4BD2-91CC-6F7351BDE511}.Debug|Any CPU.ActiveCfg = Debug|Any CPU
		{95D8B88C-2884-4BD2-91CC-6F7351BDE511}.Debug|Any CPU.Build.0 = Debug|Any CPU
		{95D8B88C-2884-4BD2-91CC-6F7351BDE511}.Release|Any CPU.ActiveCfg = Release|Any CPU
		{95D8B88C-2884-4BD2-91CC-6F7351BDE511}.Release|Any CPU.Build.0 = Release|Any CPU
	EndGlobalSection
	GlobalSection(SolutionProperties) = preSolution
		HideSolutionNode = FALSE
	EndGlobalSection
	GlobalSection(ExtensibilityGlobals) = postSolution
		SolutionGuid = {47DC49A7-9262-443C-A922-C7312D6D074F}
	EndGlobalSection
EndGlobal
